
Microsoft Visual Studio Solution File, Format Version 12.00
# Visual Studio Version 16
VisualStudioVersion = 16.0.30406.217
MinimumVisualStudioVersion = 10.0.40219.1
Project("{9A19103F-16F7-4668-BE54-9A1E7A4F7556}") = "Da", "Da\Da.csproj", "{1840664C-3B1E-4644-890F-581C349673CB}"
EndProject
Project("{9A19103F-16F7-4668-BE54-9A1E7A4F7556}") = "Bl", "Bl\Bl.csproj", "{2BFAFBBB-64BE-42F5-989B-97EDDDCECBFE}"
EndProject
Project("{9A19103F-16F7-4668-BE54-9A1E7A4F7556}") = "Entities", "Entities\Entities.csproj", "{B7730A12-88BD-493E-AD4B-102417FEFE0F}"
EndProject
Project("{9A19103F-16F7-4668-BE54-9A1E7A4F7556}") = "WebApi", "WebApi\WebApi.csproj", "{D8B0E6D3-B715-4EFE-A65B-6E1BA3108D98}"
EndProject
Project("{FAE04EC0-301F-11D3-BF4B-00C04F79EFBC}") = "Utilities", "Utilities\Utilities.csproj", "{6A612E53-FA8A-4C9B-B944-E8728BC9FF7C}"
EndProject
Global
	GlobalSection(SolutionConfigurationPlatforms) = preSolution
		Debug|Any CPU = Debug|Any CPU
		Release|Any CPU = Release|Any CPU
	EndGlobalSection
	GlobalSection(ProjectConfigurationPlatforms) = postSolution
		{1840664C-3B1E-4644-890F-581C349673CB}.Debug|Any CPU.ActiveCfg = Debug|Any CPU
		{1840664C-3B1E-4644-890F-581C349673CB}.Debug|Any CPU.Build.0 = Debug|Any CPU
		{1840664C-3B1E-4644-890F-581C349673CB}.Release|Any CPU.ActiveCfg = Release|Any CPU
		{1840664C-3B1E-4644-890F-581C349673CB}.Release|Any CPU.Build.0 = Release|Any CPU
		{2BFAFBBB-64BE-42F5-989B-97EDDDCECBFE}.Debug|Any CPU.ActiveCfg = Debug|Any CPU
		{2BFAFBBB-64BE-42F5-989B-97EDDDCECBFE}.Debug|Any CPU.Build.0 = Debug|Any CPU
		{2BFAFBBB-64BE-42F5-989B-97EDDDCECBFE}.Release|Any CPU.ActiveCfg = Release|Any CPU
		{2BFAFBBB-64BE-42F5-989B-97EDDDCECBFE}.Release|Any CPU.Build.0 = Release|Any CPU
		{B7730A12-88BD-493E-AD4B-102417FEFE0F}.Debug|Any CPU.ActiveCfg = Debug|Any CPU
		{B7730A12-88BD-493E-AD4B-102417FEFE0F}.Debug|Any CPU.Build.0 = Debug|Any CPU
		{B7730A12-88BD-493E-AD4B-102417FEFE0F}.Release|Any CPU.ActiveCfg = Release|Any CPU
		{B7730A12-88BD-493E-AD4B-102417FEFE0F}.Release|Any CPU.Build.0 = Release|Any CPU
		{D8B0E6D3-B715-4EFE-A65B-6E1BA3108D98}.Debug|Any CPU.ActiveCfg = Debug|Any CPU
		{D8B0E6D3-B715-4EFE-A65B-6E1BA3108D98}.Debug|Any CPU.Build.0 = Debug|Any CPU
		{D8B0E6D3-B715-4EFE-A65B-6E1BA3108D98}.Release|Any CPU.ActiveCfg = Release|Any CPU
		{D8B0E6D3-B715-4EFE-A65B-6E1BA3108D98}.Release|Any CPU.Build.0 = Release|Any CPU
		{6A612E53-FA8A-4C9B-B944-E8728BC9FF7C}.Debug|Any CPU.ActiveCfg = Debug|Any CPU
		{6A612E53-FA8A-4C9B-B944-E8728BC9FF7C}.Debug|Any CPU.Build.0 = Debug|Any CPU
		{6A612E53-FA8A-4C9B-B944-E8728BC9FF7C}.Release|Any CPU.ActiveCfg = Release|Any CPU
		{6A612E53-FA8A-4C9B-B944-E8728BC9FF7C}.Release|Any CPU.Build.0 = Release|Any CPU
	EndGlobalSection
	GlobalSection(SolutionProperties) = preSolution
		HideSolutionNode = FALSE
	EndGlobalSection
	GlobalSection(ExtensibilityGlobals) = postSolution
		SolutionGuid = {2A4A7F97-2A54-4202-AF46-A57781268F8E}
	EndGlobalSection
EndGlobal
